
Microsoft Visual Studio Solution File, Format Version 12.00
# Visual Studio Version 17
VisualStudioVersion = 17.0.31903.59
MinimumVisualStudioVersion = 10.0.40219.1
Project("{2150E333-8FDC-42A3-9474-1A3956D46DE8}") = "src", "src", "{09E22D62-2D4D-40BE-94ED-90EB8528124A}"
EndProject
Project("{FAE04EC0-301F-11D3-BF4B-00C04F79EFBC}") = "EasyAuth.ContainerApp", "src\EasyAuth.ContainerApp\EasyAuth.ContainerApp.csproj", "{F2AACAFC-9022-4D1C-9B3F-F05D9D4DCCB6}"
EndProject
Project("{FAE04EC0-301F-11D3-BF4B-00C04F79EFBC}") = "EasyAuth.SwaApp", "src\EasyAuth.SwaApp\EasyAuth.SwaApp.csproj", "{7EE7A101-712C-45B6-8501-05E7FECEDA8A}"
EndProject
Project("{FAE04EC0-301F-11D3-BF4B-00C04F79EFBC}") = "EasyAuth.WebApp", "src\EasyAuth.WebApp\EasyAuth.WebApp.csproj", "{EDBFCBE0-3F6B-4DA4-84B0-0218CC4261C2}"
EndProject
Project("{FAE04EC0-301F-11D3-BF4B-00C04F79EFBC}") = "EasyAuth.Components", "src\EasyAuth.Components\EasyAuth.Components.csproj", "{0CDA4CFC-514A-4F52-BBFA-7A0B4100D132}"
EndProject
Project("{FAE04EC0-301F-11D3-BF4B-00C04F79EFBC}") = "EasyAuth.FunctionApp", "src\EasyAuth.FunctionApp\EasyAuth.FunctionApp.csproj", "{560AC983-7BF0-499D-B2B8-15C4B74633A3}"
EndProject
Global
	GlobalSection(SolutionConfigurationPlatforms) = preSolution
		Debug|Any CPU = Debug|Any CPU
		Release|Any CPU = Release|Any CPU
	EndGlobalSection
	GlobalSection(ProjectConfigurationPlatforms) = postSolution
		{F2AACAFC-9022-4D1C-9B3F-F05D9D4DCCB6}.Debug|Any CPU.ActiveCfg = Debug|Any CPU
		{F2AACAFC-9022-4D1C-9B3F-F05D9D4DCCB6}.Debug|Any CPU.Build.0 = Debug|Any CPU
		{F2AACAFC-9022-4D1C-9B3F-F05D9D4DCCB6}.Release|Any CPU.ActiveCfg = Release|Any CPU
		{F2AACAFC-9022-4D1C-9B3F-F05D9D4DCCB6}.Release|Any CPU.Build.0 = Release|Any CPU
		{7EE7A101-712C-45B6-8501-05E7FECEDA8A}.Debug|Any CPU.ActiveCfg = Debug|Any CPU
		{7EE7A101-712C-45B6-8501-05E7FECEDA8A}.Debug|Any CPU.Build.0 = Debug|Any CPU
		{7EE7A101-712C-45B6-8501-05E7FECEDA8A}.Release|Any CPU.ActiveCfg = Release|Any CPU
		{7EE7A101-712C-45B6-8501-05E7FECEDA8A}.Release|Any CPU.Build.0 = Release|Any CPU
		{EDBFCBE0-3F6B-4DA4-84B0-0218CC4261C2}.Debug|Any CPU.ActiveCfg = Debug|Any CPU
		{EDBFCBE0-3F6B-4DA4-84B0-0218CC4261C2}.Debug|Any CPU.Build.0 = Debug|Any CPU
		{EDBFCBE0-3F6B-4DA4-84B0-0218CC4261C2}.Release|Any CPU.ActiveCfg = Release|Any CPU
		{EDBFCBE0-3F6B-4DA4-84B0-0218CC4261C2}.Release|Any CPU.Build.0 = Release|Any CPU
		{0CDA4CFC-514A-4F52-BBFA-7A0B4100D132}.Debug|Any CPU.ActiveCfg = Debug|Any CPU
		{0CDA4CFC-514A-4F52-BBFA-7A0B4100D132}.Debug|Any CPU.Build.0 = Debug|Any CPU
		{0CDA4CFC-514A-4F52-BBFA-7A0B4100D132}.Release|Any CPU.ActiveCfg = Release|Any CPU
		{0CDA4CFC-514A-4F52-BBFA-7A0B4100D132}.Release|Any CPU.Build.0 = Release|Any CPU
		{560AC983-7BF0-499D-B2B8-15C4B74633A3}.Debug|Any CPU.ActiveCfg = Debug|Any CPU
		{560AC983-7BF0-499D-B2B8-15C4B74633A3}.Debug|Any CPU.Build.0 = Debug|Any CPU
		{560AC983-7BF0-499D-B2B8-15C4B74633A3}.Release|Any CPU.ActiveCfg = Release|Any CPU
		{560AC983-7BF0-499D-B2B8-15C4B74633A3}.Release|Any CPU.Build.0 = Release|Any CPU
	EndGlobalSection
	GlobalSection(SolutionProperties) = preSolution
		HideSolutionNode = FALSE
	EndGlobalSection
	GlobalSection(NestedProjects) = preSolution
		{F2AACAFC-9022-4D1C-9B3F-F05D9D4DCCB6} = {09E22D62-2D4D-40BE-94ED-90EB8528124A}
		{7EE7A101-712C-45B6-8501-05E7FECEDA8A} = {09E22D62-2D4D-40BE-94ED-90EB8528124A}
		{EDBFCBE0-3F6B-4DA4-84B0-0218CC4261C2} = {09E22D62-2D4D-40BE-94ED-90EB8528124A}
		{0CDA4CFC-514A-4F52-BBFA-7A0B4100D132} = {09E22D62-2D4D-40BE-94ED-90EB8528124A}
		{560AC983-7BF0-499D-B2B8-15C4B74633A3} = {09E22D62-2D4D-40BE-94ED-90EB8528124A}
	EndGlobalSection
EndGlobal
